
Microsoft Visual Studio Solution File, Format Version 12.00
# Visual Studio Version 16
Project("{8BC9CEB8-8B4A-11D0-8D11-00A0C91BC942}") = "ALL_BUILD", "ALL_BUILD.vcxproj", "{B60F0FBB-2B45-383A-9683-90CD9F242089}"
	ProjectSection(ProjectDependencies) = postProject
		{F2CF98AA-B715-3CCC-A117-B7B78894F134} = {F2CF98AA-B715-3CCC-A117-B7B78894F134}
		{D14C269D-FD25-31F4-B64D-9DC7109D3987} = {D14C269D-FD25-31F4-B64D-9DC7109D3987}
	EndProjectSection
EndProject
Project("{8BC9CEB8-8B4A-11D0-8D11-00A0C91BC942}") = "UserCredentialsManager", "UserCredentialsManager.vcxproj", "{F2CF98AA-B715-3CCC-A117-B7B78894F134}"
	ProjectSection(ProjectDependencies) = postProject
		{D14C269D-FD25-31F4-B64D-9DC7109D3987} = {D14C269D-FD25-31F4-B64D-9DC7109D3987}
	EndProjectSection
EndProject
Project("{8BC9CEB8-8B4A-11D0-8D11-00A0C91BC942}") = "ZERO_CHECK", "ZERO_CHECK.vcxproj", "{D14C269D-FD25-31F4-B64D-9DC7109D3987}"
	ProjectSection(ProjectDependencies) = postProject
	EndProjectSection
EndProject
Global
	GlobalSection(SolutionConfigurationPlatforms) = preSolution
		Debug|x64 = Debug|x64
		Release|x64 = Release|x64
		MinSizeRel|x64 = MinSizeRel|x64
		RelWithDebInfo|x64 = RelWithDebInfo|x64
	EndGlobalSection
	GlobalSection(ProjectConfigurationPlatforms) = postSolution
		{B60F0FBB-2B45-383A-9683-90CD9F242089}.Debug|x64.ActiveCfg = Debug|x64
		{B60F0FBB-2B45-383A-9683-90CD9F242089}.Release|x64.ActiveCfg = Release|x64
		{B60F0FBB-2B45-383A-9683-90CD9F242089}.MinSizeRel|x64.ActiveCfg = MinSizeRel|x64
		{B60F0FBB-2B45-383A-9683-90CD9F242089}.RelWithDebInfo|x64.ActiveCfg = RelWithDebInfo|x64
		{F2CF98AA-B715-3CCC-A117-B7B78894F134}.Debug|x64.ActiveCfg = Debug|x64
		{F2CF98AA-B715-3CCC-A117-B7B78894F134}.Debug|x64.Build.0 = Debug|x64
		{F2CF98AA-B715-3CCC-A117-B7B78894F134}.Release|x64.ActiveCfg = Release|x64
		{F2CF98AA-B715-3CCC-A117-B7B78894F134}.Release|x64.Build.0 = Release|x64
		{F2CF98AA-B715-3CCC-A117-B7B78894F134}.MinSizeRel|x64.ActiveCfg = MinSizeRel|x64
		{F2CF98AA-B715-3CCC-A117-B7B78894F134}.MinSizeRel|x64.Build.0 = MinSizeRel|x64
		{F2CF98AA-B715-3CCC-A117-B7B78894F134}.RelWithDebInfo|x64.ActiveCfg = RelWithDebInfo|x64
		{F2CF98AA-B715-3CCC-A117-B7B78894F134}.RelWithDebInfo|x64.Build.0 = RelWithDebInfo|x64
		{D14C269D-FD25-31F4-B64D-9DC7109D3987}.Debug|x64.ActiveCfg = Debug|x64
		{D14C269D-FD25-31F4-B64D-9DC7109D3987}.Debug|x64.Build.0 = Debug|x64
		{D14C269D-FD25-31F4-B64D-9DC7109D3987}.Release|x64.ActiveCfg = Release|x64
		{D14C269D-FD25-31F4-B64D-9DC7109D3987}.Release|x64.Build.0 = Release|x64
		{D14C269D-FD25-31F4-B64D-9DC7109D3987}.MinSizeRel|x64.ActiveCfg = MinSizeRel|x64
		{D14C269D-FD25-31F4-B64D-9DC7109D3987}.MinSizeRel|x64.Build.0 = MinSizeRel|x64
		{D14C269D-FD25-31F4-B64D-9DC7109D3987}.RelWithDebInfo|x64.ActiveCfg = RelWithDebInfo|x64
		{D14C269D-FD25-31F4-B64D-9DC7109D3987}.RelWithDebInfo|x64.Build.0 = RelWithDebInfo|x64
	EndGlobalSection
	GlobalSection(ExtensibilityGlobals) = postSolution
		SolutionGuid = {5FBC4526-0273-3049-9E07-A3562DE83CB9}
	EndGlobalSection
	GlobalSection(ExtensibilityAddIns) = postSolution
	EndGlobalSection
EndGlobal
